// !$*UTF8*$!
{
	archiveVersion = 1;
	classes = {
	};
	objectVersion = 56;
	objects = {

/* Begin PBXBuildFile section */
		CE8AC3652EECA3CE00E975F7 /* appHocTapApp.swift in Sources */ = {isa = PBXBuildFile; fileRef = CE8AC3642EECA3CE00E975F7 /* appHocTapApp.swift */; };
		CE8AC3672EECA3CE00E975F7 /* ContentView.swift in Sources */ = {isa = PBXBuildFile; fileRef = CE8AC3662EECA3CE00E975F7 /* ContentView.swift */; };
		CE8AC3692EECA3D400E975F7 /* Assets.xcassets in Resources */ = {isa = PBXBuildFile; fileRef = CE8AC3682EECA3D400E975F7 /* Assets.xcassets */; };
		CE8AC36C2EECA3D400E975F7 /* Preview Assets.xcassets in Resources */ = {isa = PBXBuildFile; fileRef = CE8AC36B2EECA3D400E975F7 /* Preview Assets.xcassets */; };
		CE8CB7EE2EECAA6300A3E4C4 /* GoogleService-Info.plist in Resources */ = {isa = PBXBuildFile; fileRef = CE8CB7ED2EECAA6300A3E4C4 /* GoogleService-Info.plist */; };
		CE8CB7F22EEE848100A3E4C4 /* FirebaseAnalytics in Frameworks */ = {isa = PBXBuildFile; productRef = CE8CB7F12EEE848100A3E4C4 /* FirebaseAnalytics */; };
		CE8CB7F42EEE848100A3E4C4 /* FirebaseAuth in Frameworks */ = {isa = PBXBuildFile; productRef = CE8CB7F32EEE848100A3E4C4 /* FirebaseAuth */; };
		CE8CB7F62EEE848100A3E4C4 /* FirebaseDatabase in Frameworks */ = {isa = PBXBuildFile; productRef = CE8CB7F52EEE848100A3E4C4 /* FirebaseDatabase */; };
		CE8CB7F82EEE848100A3E4C4 /* FirebaseFirestore in Frameworks */ = {isa = PBXBuildFile; productRef = CE8CB7F72EEE848100A3E4C4 /* FirebaseFirestore */; };
		CEF5E2852EF13B1500EAA862 /* Question.swift in Sources */ = {isa = PBXBuildFile; fileRef = CEF5E2842EF13B1500EAA862 /* Question.swift */; };
		CEF5E2872EF13B8400EAA862 /* EditQuestionView.swift in Sources */ = {isa = PBXBuildFile; fileRef = CEF5E2862EF13B8300EAA862 /* EditQuestionView.swift */; };
		CEF5E2892EF13BDA00EAA862 /* AddQuestionView.swift in Sources */ = {isa = PBXBuildFile; fileRef = CEF5E2882EF13BD900EAA862 /* AddQuestionView.swift */; };
/* End PBXBuildFile section */

/* Begin PBXFileReference section */
		CE8AC3612EECA3CE00E975F7 /* appHocTap.app */ = {isa = PBXFileReference; explicitFileType = wrapper.application; includeInIndex = 0; path = appHocTap.app; sourceTree = BUILT_PRODUCTS_DIR; };
		CE8AC3642EECA3CE00E975F7 /* appHocTapApp.swift */ = {isa = PBXFileReference; lastKnownFileType = sourcecode.swift; path = appHocTapApp.swift; sourceTree = "<group>"; };
		CE8AC3662EECA3CE00E975F7 /* ContentView.swift */ = {isa = PBXFileReference; lastKnownFileType = sourcecode.swift; path = ContentView.swift; sourceTree = "<group>"; };
		CE8AC3682EECA3D400E975F7 /* Assets.xcassets */ = {isa = PBXFileReference; lastKnownFileType = folder.assetcatalog; path = Assets.xcassets; sourceTree = "<group>"; };
		CE8AC36B2EECA3D400E975F7 /* Preview Assets.xcassets */ = {isa = PBXFileReference; lastKnownFileType = folder.assetcatalog; path = "Preview Assets.xcassets"; sourceTree = "<group>"; };
		CE8CB7ED2EECAA6300A3E4C4 /* GoogleService-Info.plist */ = {isa = PBXFileReference; fileEncoding = 4; lastKnownFileType = text.plist.xml; path = "GoogleService-Info.plist"; sourceTree = "<group>"; };
		CEF5E2842EF13B1500EAA862 /* Question.swift */ = {isa = PBXFileReference; lastKnownFileType = sourcecode.swift; path = Question.swift; sourceTree = "<group>"; };
		CEF5E2862EF13B8300EAA862 /* EditQuestionView.swift */ = {isa = PBXFileReference; lastKnownFileType = sourcecode.swift; path = EditQuestionView.swift; sourceTree = "<group>"; };
		CEF5E2882EF13BD900EAA862 /* AddQuestionView.swift */ = {isa = PBXFileReference; lastKnownFileType = sourcecode.swift; path = AddQuestionView.swift; sourceTree = "<group>"; };
/* End PBXFileReference section */

/* Begin PBXFrameworksBuildPhase section */
		CE8AC35E2EECA3CE00E975F7 /* Frameworks */ = {
			isa = PBXFrameworksBuildPhase;
			buildActionMask = 2147483647;
			files = (
				CE8CB7F62EEE848100A3E4C4 /* FirebaseDatabase in Frameworks */,
				CE8CB7F82EEE848100A3E4C4 /* FirebaseFirestore in Frameworks */,
				CE8CB7F22EEE848100A3E4C4 /* FirebaseAnalytics in Frameworks */,
				CE8CB7F42EEE848100A3E4C4 /* FirebaseAuth in Frameworks */,
			);
			runOnlyForDeploymentPostprocessing = 0;
		};
/* End PBXFrameworksBuildPhase section */

/* Begin PBXGroup section */
		CE8AC3582EECA3CE00E975F7 = {
			isa = PBXGroup;
			children = (
				CE8AC3632EECA3CE00E975F7 /* appHocTap */,
				CE8AC3622EECA3CE00E975F7 /* Products */,
			);
			sourceTree = "<group>";
		};
		CE8AC3622EECA3CE00E975F7 /* Products */ = {
			isa = PBXGroup;
			children = (
				CE8AC3612EECA3CE00E975F7 /* appHocTap.app */,
			);
			name = Products;
			sourceTree = "<group>";
		};
		CE8AC3632EECA3CE00E975F7 /* appHocTap */ = {
			isa = PBXGroup;
			children = (
				CE8CB7FD2EEEE51B00A3E4C4 /* DAL */,
				CE8CB7FB2EEEE4EC00A3E4C4 /* Controllers */,
				CE8CB7FA2EEEE4DF00A3E4C4 /* Views */,
				CE8CB7F92EEEE4CB00A3E4C4 /* Models */,
				CE8CB7FC2EEEE50300A3E4C4 /* System Files */,
				CE8AC36A2EECA3D400E975F7 /* Preview Content */,
			);
			path = appHocTap;
			sourceTree = "<group>";
		};
		CE8AC36A2EECA3D400E975F7 /* Preview Content */ = {
			isa = PBXGroup;
			children = (
				CE8AC36B2EECA3D400E975F7 /* Preview Assets.xcassets */,
			);
			path = "Preview Content";
			sourceTree = "<group>";
		};
		CE8CB7F92EEEE4CB00A3E4C4 /* Models */ = {
			isa = PBXGroup;
			children = (
				CEF5E2842EF13B1500EAA862 /* Question.swift */,
			);
			name = Models;
			sourceTree = "<group>";
		};
		CE8CB7FA2EEEE4DF00A3E4C4 /* Views */ = {
			isa = PBXGroup;
			children = (
				CE8AC3662EECA3CE00E975F7 /* ContentView.swift */,
				CEF5E2862EF13B8300EAA862 /* EditQuestionView.swift */,
				CEF5E2882EF13BD900EAA862 /* AddQuestionView.swift */,
			);
			name = Views;
			sourceTree = "<group>";
		};
		CE8CB7FB2EEEE4EC00A3E4C4 /* Controllers */ = {
			isa = PBXGroup;
			children = (
			);
			path = Controllers;
			sourceTree = "<group>";
		};
		CE8CB7FC2EEEE50300A3E4C4 /* System Files */ = {
			isa = PBXGroup;
			children = (
				CE8AC3642EECA3CE00E975F7 /* appHocTapApp.swift */,
				CE8CB7ED2EECAA6300A3E4C4 /* GoogleService-Info.plist */,
				CE8AC3682EECA3D400E975F7 /* Assets.xcassets */,
			);
			name = "System Files";
			sourceTree = "<group>";
		};
		CE8CB7FD2EEEE51B00A3E4C4 /* DAL */ = {
			isa = PBXGroup;
			children = (
			);
			path = DAL;
			sourceTree = "<group>";
		};
/* End PBXGroup section */

/* Begin PBXNativeTarget section */
		CE8AC3602EECA3CE00E975F7 /* appHocTap */ = {
			isa = PBXNativeTarget;
			buildConfigurationList = CE8AC36F2EECA3D400E975F7 /* Build configuration list for PBXNativeTarget "appHocTap" */;
			buildPhases = (
				CE8AC35D2EECA3CE00E975F7 /* Sources */,
				CE8AC35E2EECA3CE00E975F7 /* Frameworks */,
				CE8AC35F2EECA3CE00E975F7 /* Resources */,
			);
			buildRules = (
			);
			dependencies = (
			);
			name = appHocTap;
			packageProductDependencies = (
				CE8CB7F12EEE848100A3E4C4 /* FirebaseAnalytics */,
				CE8CB7F32EEE848100A3E4C4 /* FirebaseAuth */,
				CE8CB7F52EEE848100A3E4C4 /* FirebaseDatabase */,
				CE8CB7F72EEE848100A3E4C4 /* FirebaseFirestore */,
			);
			productName = appHocTap;
			productReference = CE8AC3612EECA3CE00E975F7 /* appHocTap.app */;
			productType = "com.apple.product-type.application";
		};
/* End PBXNativeTarget section */

/* Begin PBXProject section */
		CE8AC3592EECA3CE00E975F7 /* Project object */ = {
			isa = PBXProject;
			attributes = {
				BuildIndependentTargetsInParallel = 1;
				LastSwiftUpdateCheck = 1420;
				LastUpgradeCheck = 1420;
				TargetAttributes = {
					CE8AC3602EECA3CE00E975F7 = {
						CreatedOnToolsVersion = 14.2;
					};
				};
			};
			buildConfigurationList = CE8AC35C2EECA3CE00E975F7 /* Build configuration list for PBXProject "appHocTap" */;
			compatibilityVersion = "Xcode 14.0";
			developmentRegion = en;
			hasScannedForEncodings = 0;
			knownRegions = (
				en,
				Base,
			);
			mainGroup = CE8AC3582EECA3CE00E975F7;
			packageReferences = (
				CE8CB7F02EEE848100A3E4C4 /* XCRemoteSwiftPackageReference "firebase-ios-sdk" */,
			);
			productRefGroup = CE8AC3622EECA3CE00E975F7 /* Products */;
			projectDirPath = "";
			projectRoot = "";
			targets = (
				CE8AC3602EECA3CE00E975F7 /* appHocTap */,
			);
		};
/* End PBXProject section */

/* Begin PBXResourcesBuildPhase section */
		CE8AC35F2EECA3CE00E975F7 /* Resources */ = {
			isa = PBXResourcesBuildPhase;
			buildActionMask = 2147483647;
			files = (
				CE8AC36C2EECA3D400E975F7 /* Preview Assets.xcassets in Resources */,
				CE8AC3692EECA3D400E975F7 /* Assets.xcassets in Resources */,
				CE8CB7EE2EECAA6300A3E4C4 /* GoogleService-Info.plist in Resources */,
			);
			runOnlyForDeploymentPostprocessing = 0;
		};
/* End PBXResourcesBuildPhase section */

/* Begin PBXSourcesBuildPhase section */
		CE8AC35D2EECA3CE00E975F7 /* Sources */ = {
			isa = PBXSourcesBuildPhase;
			buildActionMask = 2147483647;
			files = (
				CEF5E2852EF13B1500EAA862 /* Question.swift in Sources */,
				CE8AC3672EECA3CE00E975F7 /* ContentView.swift in Sources */,
				CEF5E2872EF13B8400EAA862 /* EditQuestionView.swift in Sources */,
				CEF5E2892EF13BDA00EAA862 /* AddQuestionView.swift in Sources */,
				CE8AC3652EECA3CE00E975F7 /* appHocTapApp.swift in Sources */,
			);
			runOnlyForDeploymentPostprocessing = 0;
		};
/* End PBXSourcesBuildPhase section */

/* Begin XCBuildConfiguration section */
		CE8AC36D2EECA3D400E975F7 /* Debug */ = {
			isa = XCBuildConfiguration;
			buildSettings = {
				ALWAYS_SEARCH_USER_PATHS = NO;
				CLANG_ANALYZER_NONNULL = YES;
				CLANG_ANALYZER_NUMBER_OBJECT_CONVERSION = YES_AGGRESSIVE;
				CLANG_CXX_LANGUAGE_STANDARD = "gnu++20";
				CLANG_ENABLE_MODULES = YES;
				CLANG_ENABLE_OBJC_ARC = YES;
				CLANG_ENABLE_OBJC_WEAK = YES;
				CLANG_WARN_BLOCK_CAPTURE_AUTORELEASING = YES;
				CLANG_WARN_BOOL_CONVERSION = YES;
				CLANG_WARN_COMMA = YES;
				CLANG_WARN_CONSTANT_CONVERSION = YES;
				CLANG_WARN_DEPRECATED_OBJC_IMPLEMENTATIONS = YES;
				CLANG_WARN_DIRECT_OBJC_ISA_USAGE = YES_ERROR;
				CLANG_WARN_DOCUMENTATION_COMMENTS = YES;
				CLANG_WARN_EMPTY_BODY = YES;
				CLANG_WARN_ENUM_CONVERSION = YES;
				CLANG_WARN_INFINITE_RECURSION = YES;
				CLANG_WARN_INT_CONVERSION = YES;
				CLANG_WARN_NON_LITERAL_NULL_CONVERSION = YES;
				CLANG_WARN_OBJC_IMPLICIT_RETAIN_SELF = YES;
				CLANG_WARN_OBJC_LITERAL_CONVERSION = YES;
				CLANG_WARN_OBJC_ROOT_CLASS = YES_ERROR;
				CLANG_WARN_QUOTED_INCLUDE_IN_FRAMEWORK_HEADER = YES;
				CLANG_WARN_RANGE_LOOP_ANALYSIS = YES;
				CLANG_WARN_STRICT_PROTOTYPES = YES;
				CLANG_WARN_SUSPICIOUS_MOVE = YES;
				CLANG_WARN_UNGUARDED_AVAILABILITY = YES_AGGRESSIVE;
				CLANG_WARN_UNREACHABLE_CODE = YES;
				CLANG_WARN__DUPLICATE_METHOD_MATCH = YES;
				COPY_PHASE_STRIP = NO;
				DEBUG_INFORMATION_FORMAT = dwarf;
				ENABLE_STRICT_OBJC_MSGSEND = YES;
				ENABLE_TESTABILITY = YES;
				GCC_C_LANGUAGE_STANDARD = gnu11;
				GCC_DYNAMIC_NO_PIC = NO;
				GCC_NO_COMMON_BLOCKS = YES;
				GCC_OPTIMIZATION_LEVEL = 0;
				GCC_PREPROCESSOR_DEFINITIONS = (
					"DEBUG=1",
					"$(inherited)",
				);
				GCC_WARN_64_TO_32_BIT_CONVERSION = YES;
				GCC_WARN_ABOUT_RETURN_TYPE = YES_ERROR;
				GCC_WARN_UNDECLARED_SELECTOR = YES;
				GCC_WARN_UNINITIALIZED_AUTOS = YES_AGGRESSIVE;
				GCC_WARN_UNUSED_FUNCTION = YES;
				GCC_WARN_UNUSED_VARIABLE = YES;
				IPHONEOS_DEPLOYMENT_TARGET = 16.2;
				MTL_ENABLE_DEBUG_INFO = INCLUDE_SOURCE;
				MTL_FAST_MATH = YES;
				ONLY_ACTIVE_ARCH = YES;
				SDKROOT = iphoneos;
				SWIFT_ACTIVE_COMPILATION_CONDITIONS = DEBUG;
				SWIFT_OPTIMIZATION_LEVEL = "-Onone";
			};
			name = Debug;
		};
		CE8AC36E2EECA3D400E975F7 /* Release */ = {
			isa = XCBuildConfiguration;
			buildSettings = {
				ALWAYS_SEARCH_USER_PATHS = NO;
				CLANG_ANALYZER_NONNULL = YES;
				CLANG_ANALYZER_NUMBER_OBJECT_CONVERSION = YES_AGGRESSIVE;
				CLANG_CXX_LANGUAGE_STANDARD = "gnu++20";
				CLANG_ENABLE_MODULES = YES;
				CLANG_ENABLE_OBJC_ARC = YES;
				CLANG_ENABLE_OBJC_WEAK = YES;
				CLANG_WARN_BLOCK_CAPTURE_AUTORELEASING = YES;
				CLANG_WARN_BOOL_CONVERSION = YES;
				CLANG_WARN_COMMA = YES;
				CLANG_WARN_CONSTANT_CONVERSION = YES;
				CLANG_WARN_DEPRECATED_OBJC_IMPLEMENTATIONS = YES;
				CLANG_WARN_DIRECT_OBJC_ISA_USAGE = YES_ERROR;
				CLANG_WARN_DOCUMENTATION_COMMENTS = YES;
				CLANG_WARN_EMPTY_BODY = YES;
				CLANG_WARN_ENUM_CONVERSION = YES;
				CLANG_WARN_INFINITE_RECURSION = YES;
				CLANG_WARN_INT_CONVERSION = YES;
				CLANG_WARN_NON_LITERAL_NULL_CONVERSION = YES;
				CLANG_WARN_OBJC_IMPLICIT_RETAIN_SELF = YES;
				CLANG_WARN_OBJC_LITERAL_CONVERSION = YES;
				CLANG_WARN_OBJC_ROOT_CLASS = YES_ERROR;
				CLANG_WARN_QUOTED_INCLUDE_IN_FRAMEWORK_HEADER = YES;
				CLANG_WARN_RANGE_LOOP_ANALYSIS = YES;
				CLANG_WARN_STRICT_PROTOTYPES = YES;
				CLANG_WARN_SUSPICIOUS_MOVE = YES;
				CLANG_WARN_UNGUARDED_AVAILABILITY = YES_AGGRESSIVE;
				CLANG_WARN_UNREACHABLE_CODE = YES;
				CLANG_WARN__DUPLICATE_METHOD_MATCH = YES;
				COPY_PHASE_STRIP = NO;
				DEBUG_INFORMATION_FORMAT = "dwarf-with-dsym";
				ENABLE_NS_ASSERTIONS = NO;
				ENABLE_STRICT_OBJC_MSGSEND = YES;
				GCC_C_LANGUAGE_STANDARD = gnu11;
				GCC_NO_COMMON_BLOCKS = YES;
				GCC_WARN_64_TO_32_BIT_CONVERSION = YES;
				GCC_WARN_ABOUT_RETURN_TYPE = YES_ERROR;
				GCC_WARN_UNDECLARED_SELECTOR = YES;
				GCC_WARN_UNINITIALIZED_AUTOS = YES_AGGRESSIVE;
				GCC_WARN_UNUSED_FUNCTION = YES;
				GCC_WARN_UNUSED_VARIABLE = YES;
				IPHONEOS_DEPLOYMENT_TARGET = 16.2;
				MTL_ENABLE_DEBUG_INFO = NO;
				MTL_FAST_MATH = YES;
				SDKROOT = iphoneos;
				SWIFT_COMPILATION_MODE = wholemodule;
				SWIFT_OPTIMIZATION_LEVEL = "-O";
				VALIDATE_PRODUCT = YES;
			};
			name = Release;
		};
		CE8AC3702EECA3D400E975F7 /* Debug */ = {
			isa = XCBuildConfiguration;
			buildSettings = {
				ASSETCATALOG_COMPILER_APPICON_NAME = AppIcon;
				ASSETCATALOG_COMPILER_GLOBAL_ACCENT_COLOR_NAME = AccentColor;
				CODE_SIGN_STYLE = Automatic;
				CURRENT_PROJECT_VERSION = 1;
				DEVELOPMENT_ASSET_PATHS = "\"appHocTap/Preview Content\"";
				ENABLE_PREVIEWS = YES;
				GENERATE_INFOPLIST_FILE = YES;
				INFOPLIST_KEY_UIApplicationSceneManifest_Generation = YES;
				INFOPLIST_KEY_UIApplicationSupportsIndirectInputEvents = YES;
				INFOPLIST_KEY_UILaunchScreen_Generation = YES;
				INFOPLIST_KEY_UISupportedInterfaceOrientations_iPad = "UIInterfaceOrientationPortrait UIInterfaceOrientationPortraitUpsideDown UIInterfaceOrientationLandscapeLeft UIInterfaceOrientationLandscapeRight";
				INFOPLIST_KEY_UISupportedInterfaceOrientations_iPhone = "UIInterfaceOrientationPortrait UIInterfaceOrientationLandscapeLeft UIInterfaceOrientationLandscapeRight";
				LD_RUNPATH_SEARCH_PATHS = (
					"$(inherited)",
					"@executable_path/Frameworks",
				);
				MARKETING_VERSION = 1.0;
				PRODUCT_BUNDLE_IDENTIFIER = vn.edu.tdc.appHocTap;
				PRODUCT_NAME = "$(TARGET_NAME)";
				SWIFT_EMIT_LOC_STRINGS = YES;
				SWIFT_VERSION = 5.0;
				TARGETED_DEVICE_FAMILY = "1,2";
			};
			name = Debug;
		};
		CE8AC3712EECA3D400E975F7 /* Release */ = {
			isa = XCBuildConfiguration;
			buildSettings = {
				ASSETCATALOG_COMPILER_APPICON_NAME = AppIcon;
				ASSETCATALOG_COMPILER_GLOBAL_ACCENT_COLOR_NAME = AccentColor;
				CODE_SIGN_STYLE = Automatic;
				CURRENT_PROJECT_VERSION = 1;
				DEVELOPMENT_ASSET_PATHS = "\"appHocTap/Preview Content\"";
				ENABLE_PREVIEWS = YES;
				GENERATE_INFOPLIST_FILE = YES;
				INFOPLIST_KEY_UIApplicationSceneManifest_Generation = YES;
				INFOPLIST_KEY_UIApplicationSupportsIndirectInputEvents = YES;
				INFOPLIST_KEY_UILaunchScreen_Generation = YES;
				INFOPLIST_KEY_UISupportedInterfaceOrientations_iPad = "UIInterfaceOrientationPortrait UIInterfaceOrientationPortraitUpsideDown UIInterfaceOrientationLandscapeLeft UIInterfaceOrientationLandscapeRight";
				INFOPLIST_KEY_UISupportedInterfaceOrientations_iPhone = "UIInterfaceOrientationPortrait UIInterfaceOrientationLandscapeLeft UIInterfaceOrientationLandscapeRight";
				LD_RUNPATH_SEARCH_PATHS = (
					"$(inherited)",
					"@executable_path/Frameworks",
				);
				MARKETING_VERSION = 1.0;
				PRODUCT_BUNDLE_IDENTIFIER = vn.edu.tdc.appHocTap;
				PRODUCT_NAME = "$(TARGET_NAME)";
				SWIFT_EMIT_LOC_STRINGS = YES;
				SWIFT_VERSION = 5.0;
				TARGETED_DEVICE_FAMILY = "1,2";
			};
			name = Release;
		};
/* End XCBuildConfiguration section */

/* Begin XCConfigurationList section */
		CE8AC35C2EECA3CE00E975F7 /* Build configuration list for PBXProject "appHocTap" */ = {
			isa = XCConfigurationList;
			buildConfigurations = (
				CE8AC36D2EECA3D400E975F7 /* Debug */,
				CE8AC36E2EECA3D400E975F7 /* Release */,
			);
			defaultConfigurationIsVisible = 0;
			defaultConfigurationName = Release;
		};
		CE8AC36F2EECA3D400E975F7 /* Build configuration list for PBXNativeTarget "appHocTap" */ = {
			isa = XCConfigurationList;
			buildConfigurations = (
				CE8AC3702EECA3D400E975F7 /* Debug */,
				CE8AC3712EECA3D400E975F7 /* Release */,
			);
			defaultConfigurationIsVisible = 0;
			defaultConfigurationName = Release;
		};
/* End XCConfigurationList section */

/* Begin XCRemoteSwiftPackageReference section */
		CE8CB7F02EEE848100A3E4C4 /* XCRemoteSwiftPackageReference "firebase-ios-sdk" */ = {
			isa = XCRemoteSwiftPackageReference;
			repositoryURL = "https://github.com/firebase/firebase-ios-sdk";
			requirement = {
				kind = upToNextMajorVersion;
				minimumVersion = 8.15.0;
			};
		};
/* End XCRemoteSwiftPackageReference section */

/* Begin XCSwiftPackageProductDependency section */
		CE8CB7F12EEE848100A3E4C4 /* FirebaseAnalytics */ = {
			isa = XCSwiftPackageProductDependency;
			package = CE8CB7F02EEE848100A3E4C4 /* XCRemoteSwiftPackageReference "firebase-ios-sdk" */;
			productName = FirebaseAnalytics;
		};
		CE8CB7F32EEE848100A3E4C4 /* FirebaseAuth */ = {
			isa = XCSwiftPackageProductDependency;
			package = CE8CB7F02EEE848100A3E4C4 /* XCRemoteSwiftPackageReference "firebase-ios-sdk" */;
			productName = FirebaseAuth;
		};
		CE8CB7F52EEE848100A3E4C4 /* FirebaseDatabase */ = {
			isa = XCSwiftPackageProductDependency;
			package = CE8CB7F02EEE848100A3E4C4 /* XCRemoteSwiftPackageReference "firebase-ios-sdk" */;
			productName = FirebaseDatabase;
		};
		CE8CB7F72EEE848100A3E4C4 /* FirebaseFirestore */ = {
			isa = XCSwiftPackageProductDependency;
			package = CE8CB7F02EEE848100A3E4C4 /* XCRemoteSwiftPackageReference "firebase-ios-sdk" */;
			productName = FirebaseFirestore;
		};
/* End XCSwiftPackageProductDependency section */
	};
	rootObject = CE8AC3592EECA3CE00E975F7 /* Project object */;
}
