// !$*UTF8*$!
{
	archiveVersion = 1;
	classes = {
	};
	objectVersion = 56;
	objects = {

/* Begin PBXBuildFile section */
		CE0A58232EF1CC1A00CE2BEB /* SelectGradeView.swift in Sources */ = {isa = PBXBuildFile; fileRef = CE0A58222EF1CC1A00CE2BEB /* SelectGradeView.swift */; };
		CE0A58252EF1CC6500CE2BEB /* GradeRow.swift in Sources */ = {isa = PBXBuildFile; fileRef = CE0A58242EF1CC6500CE2BEB /* GradeRow.swift */; };
		CE17F3262EF70EDA003B7B2A /* StatCard.swift in Sources */ = {isa = PBXBuildFile; fileRef = CE17F3232EF70EDA003B7B2A /* StatCard.swift */; };
		CE17F3272EF70EDA003B7B2A /* AdminActionCard.swift in Sources */ = {isa = PBXBuildFile; fileRef = CE17F3242EF70EDA003B7B2A /* AdminActionCard.swift */; };
		CE17F3282EF70EDA003B7B2A /* QuestionRow.swift in Sources */ = {isa = PBXBuildFile; fileRef = CE17F3252EF70EDA003B7B2A /* QuestionRow.swift */; };
		CE17F3302EF70F50003B7B2A /* UserListView.swift in Sources */ = {isa = PBXBuildFile; fileRef = CE17F3292EF70F4F003B7B2A /* UserListView.swift */; };
		CE17F3312EF70F50003B7B2A /* ResultScreen.swift in Sources */ = {isa = PBXBuildFile; fileRef = CE17F32A2EF70F4F003B7B2A /* ResultScreen.swift */; };
		CE17F3322EF70F50003B7B2A /* ManagerView.swift in Sources */ = {isa = PBXBuildFile; fileRef = CE17F32B2EF70F4F003B7B2A /* ManagerView.swift */; };
		CE17F3332EF70F50003B7B2A /* ConfirmDeleteView.swift in Sources */ = {isa = PBXBuildFile; fileRef = CE17F32C2EF70F4F003B7B2A /* ConfirmDeleteView.swift */; };
		CE17F3342EF70F50003B7B2A /* QuizQuestionView.swift in Sources */ = {isa = PBXBuildFile; fileRef = CE17F32D2EF70F4F003B7B2A /* QuizQuestionView.swift */; };
		CE17F3352EF70F50003B7B2A /* ConfirmationModal.swift in Sources */ = {isa = PBXBuildFile; fileRef = CE17F32E2EF70F4F003B7B2A /* ConfirmationModal.swift */; };
		CE17F3362EF70F50003B7B2A /* SuccessToast.swift in Sources */ = {isa = PBXBuildFile; fileRef = CE17F32F2EF70F4F003B7B2A /* SuccessToast.swift */; };
		CE17F3382EF728D3003B7B2A /* QuestionListView.swift in Sources */ = {isa = PBXBuildFile; fileRef = CE17F3372EF728D3003B7B2A /* QuestionListView.swift */; };
		CE17F33A2EF800EB003B7B2A /* MyDatabase.swift in Sources */ = {isa = PBXBuildFile; fileRef = CE17F3392EF800EB003B7B2A /* MyDatabase.swift */; };
		CE17F33C2EF80119003B7B2A /* UserProfile.swift in Sources */ = {isa = PBXBuildFile; fileRef = CE17F33B2EF80119003B7B2A /* UserProfile.swift */; };
		CE17F33E2EF80338003B7B2A /* AuthController.swift in Sources */ = {isa = PBXBuildFile; fileRef = CE17F33D2EF80338003B7B2A /* AuthController.swift */; };
		CE22873B2EF842490093DD57 /* HomeView.swift in Sources */ = {isa = PBXBuildFile; fileRef = CE0B6F8B2EEF1A700094B38A /* HomeView.swift */; };
		CE51158E2EF9A1DF00588471 /* GradeModel.swift in Sources */ = {isa = PBXBuildFile; fileRef = CE51158D2EF9A1DF00588471 /* GradeModel.swift */; };
		CE5115902EF9A21200588471 /* GradeController.swift in Sources */ = {isa = PBXBuildFile; fileRef = CE51158F2EF9A21200588471 /* GradeController.swift */; };
		CE5115922EF9AA7200588471 /* LessonModel.swift in Sources */ = {isa = PBXBuildFile; fileRef = CE5115912EF9AA7200588471 /* LessonModel.swift */; };
		CE5115942EF9AAB600588471 /* LessonController.swift in Sources */ = {isa = PBXBuildFile; fileRef = CE5115932EF9AAB600588471 /* LessonController.swift */; };
		CE5115962EF9CA1D00588471 /* QuestionController.swift in Sources */ = {isa = PBXBuildFile; fileRef = CE5115952EF9CA1C00588471 /* QuestionController.swift */; };
		CE5115982EF9D8C700588471 /* SubjectManager.swift in Sources */ = {isa = PBXBuildFile; fileRef = CE5115972EF9D8C700588471 /* SubjectManager.swift */; };
		CE6E096C2EF04AB7002FFBD6 /* LoginView.swift in Sources */ = {isa = PBXBuildFile; fileRef = CE6E096B2EF04AB5002FFBD6 /* LoginView.swift */; };
		CE8560C12EF8FE7300032CF2 /* FirebaseAnalyticsSwift-Beta in Frameworks */ = {isa = PBXBuildFile; productRef = CE8560C02EF8FE7300032CF2 /* FirebaseAnalyticsSwift-Beta */; };
		CE8AC3652EECA3CE00E975F7 /* appHocTapApp.swift in Sources */ = {isa = PBXBuildFile; fileRef = CE8AC3642EECA3CE00E975F7 /* appHocTapApp.swift */; };
		CE8AC3672EECA3CE00E975F7 /* ContentView.swift in Sources */ = {isa = PBXBuildFile; fileRef = CE8AC3662EECA3CE00E975F7 /* ContentView.swift */; };
		CE8AC3692EECA3D400E975F7 /* Assets.xcassets in Resources */ = {isa = PBXBuildFile; fileRef = CE8AC3682EECA3D400E975F7 /* Assets.xcassets */; };
		CE8AC36C2EECA3D400E975F7 /* Preview Assets.xcassets in Resources */ = {isa = PBXBuildFile; fileRef = CE8AC36B2EECA3D400E975F7 /* Preview Assets.xcassets */; };
		CE8CB7EE2EECAA6300A3E4C4 /* GoogleService-Info.plist in Resources */ = {isa = PBXBuildFile; fileRef = CE8CB7ED2EECAA6300A3E4C4 /* GoogleService-Info.plist */; };
		CE8CB7F22EEE848100A3E4C4 /* FirebaseAnalytics in Frameworks */ = {isa = PBXBuildFile; productRef = CE8CB7F12EEE848100A3E4C4 /* FirebaseAnalytics */; };
		CE8CB7F42EEE848100A3E4C4 /* FirebaseAuth in Frameworks */ = {isa = PBXBuildFile; productRef = CE8CB7F32EEE848100A3E4C4 /* FirebaseAuth */; };
		CE8CB7F62EEE848100A3E4C4 /* FirebaseDatabase in Frameworks */ = {isa = PBXBuildFile; productRef = CE8CB7F52EEE848100A3E4C4 /* FirebaseDatabase */; };
		CE8CB7F82EEE848100A3E4C4 /* FirebaseFirestore in Frameworks */ = {isa = PBXBuildFile; productRef = CE8CB7F72EEE848100A3E4C4 /* FirebaseFirestore */; };
		CE9960E52EF03568005F681B /* ProfileView.swift in Sources */ = {isa = PBXBuildFile; fileRef = CE9960E42EF03567005F681B /* ProfileView.swift */; };
		CE9960E72EF03A98005F681B /* SubjectDetailView.swift in Sources */ = {isa = PBXBuildFile; fileRef = CE9960E62EF03A97005F681B /* SubjectDetailView.swift */; };
		CE9960E92EF03ECF005F681B /* QuizTimeSettingsView.swift in Sources */ = {isa = PBXBuildFile; fileRef = CE9960E82EF03ECE005F681B /* QuizTimeSettingsView.swift */; };
		CEC8484E2EF93CBA000FF9F5 /* SubjectController.swift in Sources */ = {isa = PBXBuildFile; fileRef = CEC8484D2EF93CBA000FF9F5 /* SubjectController.swift */; };
		CEC848502EF947D7000FF9F5 /* LessonManager.swift in Sources */ = {isa = PBXBuildFile; fileRef = CEC8484F2EF947D7000FF9F5 /* LessonManager.swift */; };
		CEC848522EF949CB000FF9F5 /* AddLesson.swift in Sources */ = {isa = PBXBuildFile; fileRef = CEC848512EF949CB000FF9F5 /* AddLesson.swift */; };
		CEC848542EF94AB5000FF9F5 /* EditLesson.swift in Sources */ = {isa = PBXBuildFile; fileRef = CEC848532EF94AB5000FF9F5 /* EditLesson.swift */; };
		CEC848562EF94BAE000FF9F5 /* ClassManager.swift in Sources */ = {isa = PBXBuildFile; fileRef = CEC848552EF94BAE000FF9F5 /* ClassManager.swift */; };
		CED05B752EF850A200116AE0 /* SubjectModel.swift in Sources */ = {isa = PBXBuildFile; fileRef = CED05B742EF850A200116AE0 /* SubjectModel.swift */; };
		CEE382352EF9C6FA00F43589 /* QuizQuestion.swift in Sources */ = {isa = PBXBuildFile; fileRef = CEE382342EF9C6FA00F43589 /* QuizQuestion.swift */; };
		CEE382372EF9C72200F43589 /* QuizResult.swift in Sources */ = {isa = PBXBuildFile; fileRef = CEE382362EF9C72200F43589 /* QuizResult.swift */; };
		CEE382392EF9C7A900F43589 /* QuizController.swift in Sources */ = {isa = PBXBuildFile; fileRef = CEE382382EF9C7A900F43589 /* QuizController.swift */; };
		CEE3823B2EF9DD5E00F43589 /* LessonRowModel.swift in Sources */ = {isa = PBXBuildFile; fileRef = CEE3823A2EF9DD5E00F43589 /* LessonRowModel.swift */; };
		CEEAD8102EF0855200CC6191 /* RegisterView.swift in Sources */ = {isa = PBXBuildFile; fileRef = CEEAD80F2EF0855200CC6191 /* RegisterView.swift */; };
		CEF5E2852EF13B1500EAA862 /* Question.swift in Sources */ = {isa = PBXBuildFile; fileRef = CEF5E2842EF13B1500EAA862 /* Question.swift */; };
		CEF5E2872EF13B8400EAA862 /* EditQuestionView.swift in Sources */ = {isa = PBXBuildFile; fileRef = CEF5E2862EF13B8300EAA862 /* EditQuestionView.swift */; };
		CEF5E2892EF13BDA00EAA862 /* AddQuestionView.swift in Sources */ = {isa = PBXBuildFile; fileRef = CEF5E2882EF13BD900EAA862 /* AddQuestionView.swift */; };
/* End PBXBuildFile section */

/* Begin PBXFileReference section */
		CE0A58222EF1CC1A00CE2BEB /* SelectGradeView.swift */ = {isa = PBXFileReference; lastKnownFileType = sourcecode.swift; path = SelectGradeView.swift; sourceTree = "<group>"; };
		CE0A58242EF1CC6500CE2BEB /* GradeRow.swift */ = {isa = PBXFileReference; lastKnownFileType = sourcecode.swift; path = GradeRow.swift; sourceTree = "<group>"; };
		CE0B6F8B2EEF1A700094B38A /* HomeView.swift */ = {isa = PBXFileReference; lastKnownFileType = sourcecode.swift; path = HomeView.swift; sourceTree = "<group>"; };
		CE17F3232EF70EDA003B7B2A /* StatCard.swift */ = {isa = PBXFileReference; fileEncoding = 4; lastKnownFileType = sourcecode.swift; name = StatCard.swift; path = components/StatCard.swift; sourceTree = "<group>"; };
		CE17F3242EF70EDA003B7B2A /* AdminActionCard.swift */ = {isa = PBXFileReference; fileEncoding = 4; lastKnownFileType = sourcecode.swift; name = AdminActionCard.swift; path = components/AdminActionCard.swift; sourceTree = "<group>"; };
		CE17F3252EF70EDA003B7B2A /* QuestionRow.swift */ = {isa = PBXFileReference; fileEncoding = 4; lastKnownFileType = sourcecode.swift; name = QuestionRow.swift; path = components/QuestionRow.swift; sourceTree = "<group>"; };
		CE17F3292EF70F4F003B7B2A /* UserListView.swift */ = {isa = PBXFileReference; fileEncoding = 4; lastKnownFileType = sourcecode.swift; path = UserListView.swift; sourceTree = "<group>"; };
		CE17F32A2EF70F4F003B7B2A /* ResultScreen.swift */ = {isa = PBXFileReference; fileEncoding = 4; lastKnownFileType = sourcecode.swift; path = ResultScreen.swift; sourceTree = "<group>"; };
		CE17F32B2EF70F4F003B7B2A /* ManagerView.swift */ = {isa = PBXFileReference; fileEncoding = 4; lastKnownFileType = sourcecode.swift; path = ManagerView.swift; sourceTree = "<group>"; };
		CE17F32C2EF70F4F003B7B2A /* ConfirmDeleteView.swift */ = {isa = PBXFileReference; fileEncoding = 4; lastKnownFileType = sourcecode.swift; path = ConfirmDeleteView.swift; sourceTree = "<group>"; };
		CE17F32D2EF70F4F003B7B2A /* QuizQuestionView.swift */ = {isa = PBXFileReference; fileEncoding = 4; lastKnownFileType = sourcecode.swift; path = QuizQuestionView.swift; sourceTree = "<group>"; };
		CE17F32E2EF70F4F003B7B2A /* ConfirmationModal.swift */ = {isa = PBXFileReference; fileEncoding = 4; lastKnownFileType = sourcecode.swift; path = ConfirmationModal.swift; sourceTree = "<group>"; };
		CE17F32F2EF70F4F003B7B2A /* SuccessToast.swift */ = {isa = PBXFileReference; fileEncoding = 4; lastKnownFileType = sourcecode.swift; path = SuccessToast.swift; sourceTree = "<group>"; };
		CE17F3372EF728D3003B7B2A /* QuestionListView.swift */ = {isa = PBXFileReference; fileEncoding = 4; lastKnownFileType = sourcecode.swift; path = QuestionListView.swift; sourceTree = "<group>"; };
		CE17F3392EF800EB003B7B2A /* MyDatabase.swift */ = {isa = PBXFileReference; lastKnownFileType = sourcecode.swift; path = MyDatabase.swift; sourceTree = SOURCE_ROOT; };
		CE17F33B2EF80119003B7B2A /* UserProfile.swift */ = {isa = PBXFileReference; lastKnownFileType = sourcecode.swift; path = UserProfile.swift; sourceTree = "<group>"; };
		CE17F33D2EF80338003B7B2A /* AuthController.swift */ = {isa = PBXFileReference; lastKnownFileType = sourcecode.swift; name = AuthController.swift; path = appHocTap/AuthController.swift; sourceTree = SOURCE_ROOT; };
		CE51158D2EF9A1DF00588471 /* GradeModel.swift */ = {isa = PBXFileReference; lastKnownFileType = sourcecode.swift; path = GradeModel.swift; sourceTree = "<group>"; };
		CE51158F2EF9A21200588471 /* GradeController.swift */ = {isa = PBXFileReference; lastKnownFileType = sourcecode.swift; name = GradeController.swift; path = appHocTap/GradeController.swift; sourceTree = SOURCE_ROOT; };
		CE5115912EF9AA7200588471 /* LessonModel.swift */ = {isa = PBXFileReference; lastKnownFileType = sourcecode.swift; path = LessonModel.swift; sourceTree = "<group>"; };
		CE5115932EF9AAB600588471 /* LessonController.swift */ = {isa = PBXFileReference; lastKnownFileType = sourcecode.swift; name = LessonController.swift; path = appHocTap/LessonController.swift; sourceTree = SOURCE_ROOT; };
		CE5115952EF9CA1C00588471 /* QuestionController.swift */ = {isa = PBXFileReference; lastKnownFileType = sourcecode.swift; name = QuestionController.swift; path = appHocTap/QuestionController.swift; sourceTree = SOURCE_ROOT; };
		CE5115972EF9D8C700588471 /* SubjectManager.swift */ = {isa = PBXFileReference; lastKnownFileType = sourcecode.swift; path = SubjectManager.swift; sourceTree = "<group>"; };
		CE6E096B2EF04AB5002FFBD6 /* LoginView.swift */ = {isa = PBXFileReference; lastKnownFileType = sourcecode.swift; path = LoginView.swift; sourceTree = "<group>"; };
		CE8AC3612EECA3CE00E975F7 /* appHocTap.app */ = {isa = PBXFileReference; explicitFileType = wrapper.application; includeInIndex = 0; path = appHocTap.app; sourceTree = BUILT_PRODUCTS_DIR; };
		CE8AC3642EECA3CE00E975F7 /* appHocTapApp.swift */ = {isa = PBXFileReference; lastKnownFileType = sourcecode.swift; path = appHocTapApp.swift; sourceTree = "<group>"; };
		CE8AC3662EECA3CE00E975F7 /* ContentView.swift */ = {isa = PBXFileReference; lastKnownFileType = sourcecode.swift; path = ContentView.swift; sourceTree = "<group>"; };
		CE8AC3682EECA3D400E975F7 /* Assets.xcassets */ = {isa = PBXFileReference; lastKnownFileType = folder.assetcatalog; path = Assets.xcassets; sourceTree = "<group>"; };
		CE8AC36B2EECA3D400E975F7 /* Preview Assets.xcassets */ = {isa = PBXFileReference; lastKnownFileType = folder.assetcatalog; path = "Preview Assets.xcassets"; sourceTree = "<group>"; };
		CE8CB7ED2EECAA6300A3E4C4 /* GoogleService-Info.plist */ = {isa = PBXFileReference; fileEncoding = 4; lastKnownFileType = text.plist.xml; path = "GoogleService-Info.plist"; sourceTree = "<group>"; };
		CE9960E42EF03567005F681B /* ProfileView.swift */ = {isa = PBXFileReference; lastKnownFileType = sourcecode.swift; path = ProfileView.swift; sourceTree = "<group>"; };
		CE9960E62EF03A97005F681B /* SubjectDetailView.swift */ = {isa = PBXFileReference; lastKnownFileType = sourcecode.swift; path = SubjectDetailView.swift; sourceTree = "<group>"; };
		CE9960E82EF03ECE005F681B /* QuizTimeSettingsView.swift */ = {isa = PBXFileReference; lastKnownFileType = sourcecode.swift; path = QuizTimeSettingsView.swift; sourceTree = "<group>"; };
		CEC8484D2EF93CBA000FF9F5 /* SubjectController.swift */ = {isa = PBXFileReference; lastKnownFileType = sourcecode.swift; path = SubjectController.swift; sourceTree = SOURCE_ROOT; };
		CEC8484F2EF947D7000FF9F5 /* LessonManager.swift */ = {isa = PBXFileReference; lastKnownFileType = sourcecode.swift; path = LessonManager.swift; sourceTree = "<group>"; };
		CEC848512EF949CB000FF9F5 /* AddLesson.swift */ = {isa = PBXFileReference; lastKnownFileType = sourcecode.swift; path = AddLesson.swift; sourceTree = "<group>"; };
		CEC848532EF94AB5000FF9F5 /* EditLesson.swift */ = {isa = PBXFileReference; lastKnownFileType = sourcecode.swift; path = EditLesson.swift; sourceTree = "<group>"; };
		CEC848552EF94BAE000FF9F5 /* ClassManager.swift */ = {isa = PBXFileReference; lastKnownFileType = sourcecode.swift; path = ClassManager.swift; sourceTree = "<group>"; };
		CED05B742EF850A200116AE0 /* SubjectModel.swift */ = {isa = PBXFileReference; lastKnownFileType = sourcecode.swift; path = SubjectModel.swift; sourceTree = "<group>"; };
		CEE382342EF9C6FA00F43589 /* QuizQuestion.swift */ = {isa = PBXFileReference; lastKnownFileType = sourcecode.swift; path = QuizQuestion.swift; sourceTree = "<group>"; };
		CEE382362EF9C72200F43589 /* QuizResult.swift */ = {isa = PBXFileReference; lastKnownFileType = sourcecode.swift; path = QuizResult.swift; sourceTree = "<group>"; };
		CEE382382EF9C7A900F43589 /* QuizController.swift */ = {isa = PBXFileReference; lastKnownFileType = sourcecode.swift; name = QuizController.swift; path = appHocTap/QuizController.swift; sourceTree = SOURCE_ROOT; };
		CEE3823A2EF9DD5E00F43589 /* LessonRowModel.swift */ = {isa = PBXFileReference; lastKnownFileType = sourcecode.swift; path = LessonRowModel.swift; sourceTree = "<group>"; };
		CEEAD80F2EF0855200CC6191 /* RegisterView.swift */ = {isa = PBXFileReference; lastKnownFileType = sourcecode.swift; path = RegisterView.swift; sourceTree = "<group>"; };
		CEF5E2842EF13B1500EAA862 /* Question.swift */ = {isa = PBXFileReference; lastKnownFileType = sourcecode.swift; path = Question.swift; sourceTree = "<group>"; };
		CEF5E2862EF13B8300EAA862 /* EditQuestionView.swift */ = {isa = PBXFileReference; lastKnownFileType = sourcecode.swift; path = EditQuestionView.swift; sourceTree = "<group>"; };
		CEF5E2882EF13BD900EAA862 /* AddQuestionView.swift */ = {isa = PBXFileReference; lastKnownFileType = sourcecode.swift; path = AddQuestionView.swift; sourceTree = "<group>"; };
/* End PBXFileReference section */

/* Begin PBXFrameworksBuildPhase section */
		CE8AC35E2EECA3CE00E975F7 /* Frameworks */ = {
			isa = PBXFrameworksBuildPhase;
			buildActionMask = 2147483647;
			files = (
				CE8560C12EF8FE7300032CF2 /* FirebaseAnalyticsSwift-Beta in Frameworks */,
				CE8CB7F62EEE848100A3E4C4 /* FirebaseDatabase in Frameworks */,
				CE8CB7F82EEE848100A3E4C4 /* FirebaseFirestore in Frameworks */,
				CE8CB7F22EEE848100A3E4C4 /* FirebaseAnalytics in Frameworks */,
				CE8CB7F42EEE848100A3E4C4 /* FirebaseAuth in Frameworks */,
			);
			runOnlyForDeploymentPostprocessing = 0;
		};
/* End PBXFrameworksBuildPhase section */

/* Begin PBXGroup section */
		CE0A58212EF1CBF300CE2BEB /* Components */ = {
			isa = PBXGroup;
			children = (
				CE17F3242EF70EDA003B7B2A /* AdminActionCard.swift */,
				CE17F3252EF70EDA003B7B2A /* QuestionRow.swift */,
				CE17F3232EF70EDA003B7B2A /* StatCard.swift */,
				CE0A58242EF1CC6500CE2BEB /* GradeRow.swift */,
			);
			name = Components;
			sourceTree = "<group>";
		};
		CE8560BF2EF8FE7300032CF2 /* Frameworks */ = {
			isa = PBXGroup;
			children = (
			);
			name = Frameworks;
			sourceTree = "<group>";
		};
		CE8AC3582EECA3CE00E975F7 = {
			isa = PBXGroup;
			children = (
				CE8AC3632EECA3CE00E975F7 /* appHocTap */,
				CE8AC3622EECA3CE00E975F7 /* Products */,
				CE8560BF2EF8FE7300032CF2 /* Frameworks */,
			);
			sourceTree = "<group>";
		};
		CE8AC3622EECA3CE00E975F7 /* Products */ = {
			isa = PBXGroup;
			children = (
				CE8AC3612EECA3CE00E975F7 /* appHocTap.app */,
			);
			name = Products;
			sourceTree = "<group>";
		};
		CE8AC3632EECA3CE00E975F7 /* appHocTap */ = {
			isa = PBXGroup;
			children = (
				CE8CB7FD2EEEE51B00A3E4C4 /* DAL */,
				CE8CB7FB2EEEE4EC00A3E4C4 /* Controllers */,
				CE8CB7F92EEEE4CB00A3E4C4 /* Models */,
				CE8CB7FA2EEEE4DF00A3E4C4 /* Views */,
				CE8CB7FC2EEEE50300A3E4C4 /* System Files */,
				CE8AC36A2EECA3D400E975F7 /* Preview Content */,
			);
			path = appHocTap;
			sourceTree = "<group>";
		};
		CE8AC36A2EECA3D400E975F7 /* Preview Content */ = {
			isa = PBXGroup;
			children = (
				CE8AC36B2EECA3D400E975F7 /* Preview Assets.xcassets */,
			);
			path = "Preview Content";
			sourceTree = "<group>";
		};
		CE8CB7F92EEEE4CB00A3E4C4 /* Models */ = {
			isa = PBXGroup;
			children = (
				CEF5E2842EF13B1500EAA862 /* Question.swift */,
				CE17F33B2EF80119003B7B2A /* UserProfile.swift */,
				CED05B742EF850A200116AE0 /* SubjectModel.swift */,
				CE51158D2EF9A1DF00588471 /* GradeModel.swift */,
				CE5115912EF9AA7200588471 /* LessonModel.swift */,
				CEE382342EF9C6FA00F43589 /* QuizQuestion.swift */,
				CEE382362EF9C72200F43589 /* QuizResult.swift */,
			);
			name = Models;
			sourceTree = "<group>";
		};
		CE8CB7FA2EEEE4DF00A3E4C4 /* Views */ = {
			isa = PBXGroup;
			children = (
				CE0A58212EF1CBF300CE2BEB /* Components */,
				CE8AC3662EECA3CE00E975F7 /* ContentView.swift */,
				CEF5E2862EF13B8300EAA862 /* EditQuestionView.swift */,
				CEF5E2882EF13BD900EAA862 /* AddQuestionView.swift */,
				CE6E096B2EF04AB5002FFBD6 /* LoginView.swift */,
				CEEAD80F2EF0855200CC6191 /* RegisterView.swift */,
				CE0A58222EF1CC1A00CE2BEB /* SelectGradeView.swift */,
				CE0B6F8B2EEF1A700094B38A /* HomeView.swift */,
				CE9960E42EF03567005F681B /* ProfileView.swift */,
				CE17F3372EF728D3003B7B2A /* QuestionListView.swift */,
				CE17F32E2EF70F4F003B7B2A /* ConfirmationModal.swift */,
				CE17F32C2EF70F4F003B7B2A /* ConfirmDeleteView.swift */,
				CE9960E62EF03A97005F681B /* SubjectDetailView.swift */,
				CE17F32B2EF70F4F003B7B2A /* ManagerView.swift */,
				CE17F32D2EF70F4F003B7B2A /* QuizQuestionView.swift */,
				CE17F32A2EF70F4F003B7B2A /* ResultScreen.swift */,
				CE17F32F2EF70F4F003B7B2A /* SuccessToast.swift */,
				CE17F3292EF70F4F003B7B2A /* UserListView.swift */,
				CE9960E82EF03ECE005F681B /* QuizTimeSettingsView.swift */,
				CEC8484F2EF947D7000FF9F5 /* LessonManager.swift */,
				CEC848512EF949CB000FF9F5 /* AddLesson.swift */,
				CEC848532EF94AB5000FF9F5 /* EditLesson.swift */,
				CEC848552EF94BAE000FF9F5 /* ClassManager.swift */,
				CE5115972EF9D8C700588471 /* SubjectManager.swift */,
				CEE3823A2EF9DD5E00F43589 /* LessonRowModel.swift */,
			);
			name = Views;
			sourceTree = "<group>";
		};
		CE8CB7FB2EEEE4EC00A3E4C4 /* Controllers */ = {
			isa = PBXGroup;
			children = (
				CE17F33D2EF80338003B7B2A /* AuthController.swift */,
				CEC8484D2EF93CBA000FF9F5 /* SubjectController.swift */,
				CE51158F2EF9A21200588471 /* GradeController.swift */,
				CE5115932EF9AAB600588471 /* LessonController.swift */,
				CE5115952EF9CA1C00588471 /* QuestionController.swift */,
				CEE382382EF9C7A900F43589 /* QuizController.swift */,
			);
			path = Controllers;
			sourceTree = "<group>";
		};
		CE8CB7FC2EEEE50300A3E4C4 /* System Files */ = {
			isa = PBXGroup;
			children = (
				CE8AC3642EECA3CE00E975F7 /* appHocTapApp.swift */,
				CE8CB7ED2EECAA6300A3E4C4 /* GoogleService-Info.plist */,
				CE8AC3682EECA3D400E975F7 /* Assets.xcassets */,
			);
			name = "System Files";
			sourceTree = "<group>";
		};
		CE8CB7FD2EEEE51B00A3E4C4 /* DAL */ = {
			isa = PBXGroup;
			children = (
				CE17F3392EF800EB003B7B2A /* MyDatabase.swift */,
			);
			path = DAL;
			sourceTree = "<group>";
		};
/* End PBXGroup section */

/* Begin PBXNativeTarget section */
		CE8AC3602EECA3CE00E975F7 /* appHocTap */ = {
			isa = PBXNativeTarget;
			buildConfigurationList = CE8AC36F2EECA3D400E975F7 /* Build configuration list for PBXNativeTarget "appHocTap" */;
			buildPhases = (
				CE8AC35D2EECA3CE00E975F7 /* Sources */,
				CE8AC35E2EECA3CE00E975F7 /* Frameworks */,
				CE8AC35F2EECA3CE00E975F7 /* Resources */,
			);
			buildRules = (
			);
			dependencies = (
			);
			name = appHocTap;
			packageProductDependencies = (
				CE8CB7F12EEE848100A3E4C4 /* FirebaseAnalytics */,
				CE8CB7F32EEE848100A3E4C4 /* FirebaseAuth */,
				CE8CB7F52EEE848100A3E4C4 /* FirebaseDatabase */,
				CE8CB7F72EEE848100A3E4C4 /* FirebaseFirestore */,
				CE8560C02EF8FE7300032CF2 /* FirebaseAnalyticsSwift-Beta */,
			);
			productName = appHocTap;
			productReference = CE8AC3612EECA3CE00E975F7 /* appHocTap.app */;
			productType = "com.apple.product-type.application";
		};
/* End PBXNativeTarget section */

/* Begin PBXProject section */
		CE8AC3592EECA3CE00E975F7 /* Project object */ = {
			isa = PBXProject;
			attributes = {
				BuildIndependentTargetsInParallel = 1;
				LastSwiftUpdateCheck = 1420;
				LastUpgradeCheck = 1420;
				TargetAttributes = {
					CE8AC3602EECA3CE00E975F7 = {
						CreatedOnToolsVersion = 14.2;
					};
				};
			};
			buildConfigurationList = CE8AC35C2EECA3CE00E975F7 /* Build configuration list for PBXProject "appHocTap" */;
			compatibilityVersion = "Xcode 14.0";
			developmentRegion = en;
			hasScannedForEncodings = 0;
			knownRegions = (
				en,
				Base,
			);
			mainGroup = CE8AC3582EECA3CE00E975F7;
			packageReferences = (
				CE8CB7F02EEE848100A3E4C4 /* XCRemoteSwiftPackageReference "firebase-ios-sdk" */,
			);
			productRefGroup = CE8AC3622EECA3CE00E975F7 /* Products */;
			projectDirPath = "";
			projectRoot = "";
			targets = (
				CE8AC3602EECA3CE00E975F7 /* appHocTap */,
			);
		};
/* End PBXProject section */

/* Begin PBXResourcesBuildPhase section */
		CE8AC35F2EECA3CE00E975F7 /* Resources */ = {
			isa = PBXResourcesBuildPhase;
			buildActionMask = 2147483647;
			files = (
				CE8AC36C2EECA3D400E975F7 /* Preview Assets.xcassets in Resources */,
				CE8AC3692EECA3D400E975F7 /* Assets.xcassets in Resources */,
				CE8CB7EE2EECAA6300A3E4C4 /* GoogleService-Info.plist in Resources */,
			);
			runOnlyForDeploymentPostprocessing = 0;
		};
/* End PBXResourcesBuildPhase section */

/* Begin PBXSourcesBuildPhase section */
		CE8AC35D2EECA3CE00E975F7 /* Sources */ = {
			isa = PBXSourcesBuildPhase;
			buildActionMask = 2147483647;
			files = (
				CEC848542EF94AB5000FF9F5 /* EditLesson.swift in Sources */,
				CEC8484E2EF93CBA000FF9F5 /* SubjectController.swift in Sources */,
				CEF5E2852EF13B1500EAA862 /* Question.swift in Sources */,
				CE8AC3672EECA3CE00E975F7 /* ContentView.swift in Sources */,
				CEF5E2872EF13B8400EAA862 /* EditQuestionView.swift in Sources */,
				CEF5E2892EF13BDA00EAA862 /* AddQuestionView.swift in Sources */,
				CE17F3282EF70EDA003B7B2A /* QuestionRow.swift in Sources */,
				CE5115902EF9A21200588471 /* GradeController.swift in Sources */,
				CE17F3312EF70F50003B7B2A /* ResultScreen.swift in Sources */,
				CE5115922EF9AA7200588471 /* LessonModel.swift in Sources */,
				CEC848522EF949CB000FF9F5 /* AddLesson.swift in Sources */,
				CE17F3322EF70F50003B7B2A /* ManagerView.swift in Sources */,
				CE6E096C2EF04AB7002FFBD6 /* LoginView.swift in Sources */,
				CEEAD8102EF0855200CC6191 /* RegisterView.swift in Sources */,
				CE5115962EF9CA1D00588471 /* QuestionController.swift in Sources */,
				CEC848562EF94BAE000FF9F5 /* ClassManager.swift in Sources */,
				CE5115942EF9AAB600588471 /* LessonController.swift in Sources */,
				CE9960E52EF03568005F681B /* ProfileView.swift in Sources */,
				CED05B752EF850A200116AE0 /* SubjectModel.swift in Sources */,
				CE17F33C2EF80119003B7B2A /* UserProfile.swift in Sources */,
				CE0B6F8C2EEF1A700094B38A /* HomeView.swift in Sources */,
				CEE3823B2EF9DD5E00F43589 /* LessonRowModel.swift in Sources */,
				CE9960E72EF03A98005F681B /* SubjectDetailView.swift in Sources */,
				CE17F3272EF70EDA003B7B2A /* AdminActionCard.swift in Sources */,
				CE17F3332EF70F50003B7B2A /* ConfirmDeleteView.swift in Sources */,
				CE17F3352EF70F50003B7B2A /* ConfirmationModal.swift in Sources */,
				CE17F3302EF70F50003B7B2A /* UserListView.swift in Sources */,
				CEE382372EF9C72200F43589 /* QuizResult.swift in Sources */,
				CE17F33E2EF80338003B7B2A /* AuthController.swift in Sources */,
				CE17F3342EF70F50003B7B2A /* QuizQuestionView.swift in Sources */,
				CE17F3362EF70F50003B7B2A /* SuccessToast.swift in Sources */,
				CE17F3262EF70EDA003B7B2A /* StatCard.swift in Sources */,
				CE8AC3672EECA3CE00E975F7 /* ContentView.swift in Sources */,
				CE51158E2EF9A1DF00588471 /* GradeModel.swift in Sources */,
				CE17F3382EF728D3003B7B2A /* QuestionListView.swift in Sources */,
				CEE382392EF9C7A900F43589 /* QuizController.swift in Sources */,
				CE0A58232EF1CC1A00CE2BEB /* SelectGradeView.swift in Sources */,
				CE17F33A2EF800EB003B7B2A /* MyDatabase.swift in Sources */,
				CE5115982EF9D8C700588471 /* SubjectManager.swift in Sources */,
				CE0A58252EF1CC6500CE2BEB /* GradeRow.swift in Sources */,
				CEC848502EF947D7000FF9F5 /* LessonManager.swift in Sources */,
				CE22873B2EF842490093DD57 /* HomeView.swift in Sources */,
				CE8AC3652EECA3CE00E975F7 /* appHocTapApp.swift in Sources */,
				CE9960E92EF03ECF005F681B /* QuizTimeSettingsView.swift in Sources */,
				CEE382352EF9C6FA00F43589 /* QuizQuestion.swift in Sources */,
			);
			runOnlyForDeploymentPostprocessing = 0;
		};
/* End PBXSourcesBuildPhase section */

/* Begin XCBuildConfiguration section */
		CE8AC36D2EECA3D400E975F7 /* Debug */ = {
			isa = XCBuildConfiguration;
			buildSettings = {
				ALWAYS_SEARCH_USER_PATHS = NO;
				CLANG_ANALYZER_NONNULL = YES;
				CLANG_ANALYZER_NUMBER_OBJECT_CONVERSION = YES_AGGRESSIVE;
				CLANG_CXX_LANGUAGE_STANDARD = "gnu++20";
				CLANG_ENABLE_MODULES = YES;
				CLANG_ENABLE_OBJC_ARC = YES;
				CLANG_ENABLE_OBJC_WEAK = YES;
				CLANG_WARN_BLOCK_CAPTURE_AUTORELEASING = YES;
				CLANG_WARN_BOOL_CONVERSION = YES;
				CLANG_WARN_COMMA = YES;
				CLANG_WARN_CONSTANT_CONVERSION = YES;
				CLANG_WARN_DEPRECATED_OBJC_IMPLEMENTATIONS = YES;
				CLANG_WARN_DIRECT_OBJC_ISA_USAGE = YES_ERROR;
				CLANG_WARN_DOCUMENTATION_COMMENTS = YES;
				CLANG_WARN_EMPTY_BODY = YES;
				CLANG_WARN_ENUM_CONVERSION = YES;
				CLANG_WARN_INFINITE_RECURSION = YES;
				CLANG_WARN_INT_CONVERSION = YES;
				CLANG_WARN_NON_LITERAL_NULL_CONVERSION = YES;
				CLANG_WARN_OBJC_IMPLICIT_RETAIN_SELF = YES;
				CLANG_WARN_OBJC_LITERAL_CONVERSION = YES;
				CLANG_WARN_OBJC_ROOT_CLASS = YES_ERROR;
				CLANG_WARN_QUOTED_INCLUDE_IN_FRAMEWORK_HEADER = YES;
				CLANG_WARN_RANGE_LOOP_ANALYSIS = YES;
				CLANG_WARN_STRICT_PROTOTYPES = YES;
				CLANG_WARN_SUSPICIOUS_MOVE = YES;
				CLANG_WARN_UNGUARDED_AVAILABILITY = YES_AGGRESSIVE;
				CLANG_WARN_UNREACHABLE_CODE = YES;
				CLANG_WARN__DUPLICATE_METHOD_MATCH = YES;
				COPY_PHASE_STRIP = NO;
				DEBUG_INFORMATION_FORMAT = dwarf;
				ENABLE_STRICT_OBJC_MSGSEND = YES;
				ENABLE_TESTABILITY = YES;
				GCC_C_LANGUAGE_STANDARD = gnu11;
				GCC_DYNAMIC_NO_PIC = NO;
				GCC_NO_COMMON_BLOCKS = YES;
				GCC_OPTIMIZATION_LEVEL = 0;
				GCC_PREPROCESSOR_DEFINITIONS = (
					"DEBUG=1",
					"$(inherited)",
				);
				GCC_WARN_64_TO_32_BIT_CONVERSION = YES;
				GCC_WARN_ABOUT_RETURN_TYPE = YES_ERROR;
				GCC_WARN_UNDECLARED_SELECTOR = YES;
				GCC_WARN_UNINITIALIZED_AUTOS = YES_AGGRESSIVE;
				GCC_WARN_UNUSED_FUNCTION = YES;
				GCC_WARN_UNUSED_VARIABLE = YES;
				IPHONEOS_DEPLOYMENT_TARGET = 16.2;
				MTL_ENABLE_DEBUG_INFO = INCLUDE_SOURCE;
				MTL_FAST_MATH = YES;
				ONLY_ACTIVE_ARCH = YES;
				SDKROOT = iphoneos;
				SWIFT_ACTIVE_COMPILATION_CONDITIONS = DEBUG;
				SWIFT_OPTIMIZATION_LEVEL = "-Onone";
			};
			name = Debug;
		};
		CE8AC36E2EECA3D400E975F7 /* Release */ = {
			isa = XCBuildConfiguration;
			buildSettings = {
				ALWAYS_SEARCH_USER_PATHS = NO;
				CLANG_ANALYZER_NONNULL = YES;
				CLANG_ANALYZER_NUMBER_OBJECT_CONVERSION = YES_AGGRESSIVE;
				CLANG_CXX_LANGUAGE_STANDARD = "gnu++20";
				CLANG_ENABLE_MODULES = YES;
				CLANG_ENABLE_OBJC_ARC = YES;
				CLANG_ENABLE_OBJC_WEAK = YES;
				CLANG_WARN_BLOCK_CAPTURE_AUTORELEASING = YES;
				CLANG_WARN_BOOL_CONVERSION = YES;
				CLANG_WARN_COMMA = YES;
				CLANG_WARN_CONSTANT_CONVERSION = YES;
				CLANG_WARN_DEPRECATED_OBJC_IMPLEMENTATIONS = YES;
				CLANG_WARN_DIRECT_OBJC_ISA_USAGE = YES_ERROR;
				CLANG_WARN_DOCUMENTATION_COMMENTS = YES;
				CLANG_WARN_EMPTY_BODY = YES;
				CLANG_WARN_ENUM_CONVERSION = YES;
				CLANG_WARN_INFINITE_RECURSION = YES;
				CLANG_WARN_INT_CONVERSION = YES;
				CLANG_WARN_NON_LITERAL_NULL_CONVERSION = YES;
				CLANG_WARN_OBJC_IMPLICIT_RETAIN_SELF = YES;
				CLANG_WARN_OBJC_LITERAL_CONVERSION = YES;
				CLANG_WARN_OBJC_ROOT_CLASS = YES_ERROR;
				CLANG_WARN_QUOTED_INCLUDE_IN_FRAMEWORK_HEADER = YES;
				CLANG_WARN_RANGE_LOOP_ANALYSIS = YES;
				CLANG_WARN_STRICT_PROTOTYPES = YES;
				CLANG_WARN_SUSPICIOUS_MOVE = YES;
				CLANG_WARN_UNGUARDED_AVAILABILITY = YES_AGGRESSIVE;
				CLANG_WARN_UNREACHABLE_CODE = YES;
				CLANG_WARN__DUPLICATE_METHOD_MATCH = YES;
				COPY_PHASE_STRIP = NO;
				DEBUG_INFORMATION_FORMAT = "dwarf-with-dsym";
				ENABLE_NS_ASSERTIONS = NO;
				ENABLE_STRICT_OBJC_MSGSEND = YES;
				GCC_C_LANGUAGE_STANDARD = gnu11;
				GCC_NO_COMMON_BLOCKS = YES;
				GCC_WARN_64_TO_32_BIT_CONVERSION = YES;
				GCC_WARN_ABOUT_RETURN_TYPE = YES_ERROR;
				GCC_WARN_UNDECLARED_SELECTOR = YES;
				GCC_WARN_UNINITIALIZED_AUTOS = YES_AGGRESSIVE;
				GCC_WARN_UNUSED_FUNCTION = YES;
				GCC_WARN_UNUSED_VARIABLE = YES;
				IPHONEOS_DEPLOYMENT_TARGET = 16.2;
				MTL_ENABLE_DEBUG_INFO = NO;
				MTL_FAST_MATH = YES;
				SDKROOT = iphoneos;
				SWIFT_COMPILATION_MODE = wholemodule;
				SWIFT_OPTIMIZATION_LEVEL = "-O";
				VALIDATE_PRODUCT = YES;
			};
			name = Release;
		};
		CE8AC3702EECA3D400E975F7 /* Debug */ = {
			isa = XCBuildConfiguration;
			buildSettings = {
				ASSETCATALOG_COMPILER_APPICON_NAME = AppIcon;
				ASSETCATALOG_COMPILER_GLOBAL_ACCENT_COLOR_NAME = AccentColor;
				CODE_SIGN_STYLE = Automatic;
				CURRENT_PROJECT_VERSION = 1;
				DEVELOPMENT_ASSET_PATHS = "\"appHocTap/Preview Content\"";
				DEVELOPMENT_TEAM = 3B5UXJB78J;
				ENABLE_PREVIEWS = YES;
				GENERATE_INFOPLIST_FILE = YES;
				INFOPLIST_KEY_UIApplicationSceneManifest_Generation = YES;
				INFOPLIST_KEY_UIApplicationSupportsIndirectInputEvents = YES;
				INFOPLIST_KEY_UILaunchScreen_Generation = YES;
				INFOPLIST_KEY_UISupportedInterfaceOrientations_iPad = "UIInterfaceOrientationPortrait UIInterfaceOrientationPortraitUpsideDown UIInterfaceOrientationLandscapeLeft UIInterfaceOrientationLandscapeRight";
				INFOPLIST_KEY_UISupportedInterfaceOrientations_iPhone = "UIInterfaceOrientationPortrait UIInterfaceOrientationLandscapeLeft UIInterfaceOrientationLandscapeRight";
				LD_RUNPATH_SEARCH_PATHS = (
					"$(inherited)",
					"@executable_path/Frameworks",
				);
				MARKETING_VERSION = 1.0;
				PRODUCT_BUNDLE_IDENTIFIER = vn.edu.tdc.appHocTap;
				PRODUCT_NAME = "$(TARGET_NAME)";
				SWIFT_EMIT_LOC_STRINGS = YES;
				SWIFT_VERSION = 5.0;
				TARGETED_DEVICE_FAMILY = "1,2";
			};
			name = Debug;
		};
		CE8AC3712EECA3D400E975F7 /* Release */ = {
			isa = XCBuildConfiguration;
			buildSettings = {
				ASSETCATALOG_COMPILER_APPICON_NAME = AppIcon;
				ASSETCATALOG_COMPILER_GLOBAL_ACCENT_COLOR_NAME = AccentColor;
				CODE_SIGN_STYLE = Automatic;
				CURRENT_PROJECT_VERSION = 1;
				DEVELOPMENT_ASSET_PATHS = "\"appHocTap/Preview Content\"";
				DEVELOPMENT_TEAM = 3B5UXJB78J;
				ENABLE_PREVIEWS = YES;
				GENERATE_INFOPLIST_FILE = YES;
				INFOPLIST_KEY_UIApplicationSceneManifest_Generation = YES;
				INFOPLIST_KEY_UIApplicationSupportsIndirectInputEvents = YES;
				INFOPLIST_KEY_UILaunchScreen_Generation = YES;
				INFOPLIST_KEY_UISupportedInterfaceOrientations_iPad = "UIInterfaceOrientationPortrait UIInterfaceOrientationPortraitUpsideDown UIInterfaceOrientationLandscapeLeft UIInterfaceOrientationLandscapeRight";
				INFOPLIST_KEY_UISupportedInterfaceOrientations_iPhone = "UIInterfaceOrientationPortrait UIInterfaceOrientationLandscapeLeft UIInterfaceOrientationLandscapeRight";
				LD_RUNPATH_SEARCH_PATHS = (
					"$(inherited)",
					"@executable_path/Frameworks",
				);
				MARKETING_VERSION = 1.0;
				PRODUCT_BUNDLE_IDENTIFIER = vn.edu.tdc.appHocTap;
				PRODUCT_NAME = "$(TARGET_NAME)";
				SWIFT_EMIT_LOC_STRINGS = YES;
				SWIFT_VERSION = 5.0;
				TARGETED_DEVICE_FAMILY = "1,2";
			};
			name = Release;
		};
/* End XCBuildConfiguration section */

/* Begin XCConfigurationList section */
		CE8AC35C2EECA3CE00E975F7 /* Build configuration list for PBXProject "appHocTap" */ = {
			isa = XCConfigurationList;
			buildConfigurations = (
				CE8AC36D2EECA3D400E975F7 /* Debug */,
				CE8AC36E2EECA3D400E975F7 /* Release */,
			);
			defaultConfigurationIsVisible = 0;
			defaultConfigurationName = Release;
		};
		CE8AC36F2EECA3D400E975F7 /* Build configuration list for PBXNativeTarget "appHocTap" */ = {
			isa = XCConfigurationList;
			buildConfigurations = (
				CE8AC3702EECA3D400E975F7 /* Debug */,
				CE8AC3712EECA3D400E975F7 /* Release */,
			);
			defaultConfigurationIsVisible = 0;
			defaultConfigurationName = Release;
		};
/* End XCConfigurationList section */

/* Begin XCRemoteSwiftPackageReference section */
		CE8CB7F02EEE848100A3E4C4 /* XCRemoteSwiftPackageReference "firebase-ios-sdk" */ = {
			isa = XCRemoteSwiftPackageReference;
			repositoryURL = "https://github.com/firebase/firebase-ios-sdk";
			requirement = {
				kind = upToNextMajorVersion;
				minimumVersion = 8.15.0;
			};
		};
/* End XCRemoteSwiftPackageReference section */

/* Begin XCSwiftPackageProductDependency section */
		CE8560C02EF8FE7300032CF2 /* FirebaseAnalyticsSwift-Beta */ = {
			isa = XCSwiftPackageProductDependency;
			package = CE8CB7F02EEE848100A3E4C4 /* XCRemoteSwiftPackageReference "firebase-ios-sdk" */;
			productName = "FirebaseAnalyticsSwift-Beta";
		};
		CE8CB7F12EEE848100A3E4C4 /* FirebaseAnalytics */ = {
			isa = XCSwiftPackageProductDependency;
			package = CE8CB7F02EEE848100A3E4C4 /* XCRemoteSwiftPackageReference "firebase-ios-sdk" */;
			productName = FirebaseAnalytics;
		};
		CE8CB7F32EEE848100A3E4C4 /* FirebaseAuth */ = {
			isa = XCSwiftPackageProductDependency;
			package = CE8CB7F02EEE848100A3E4C4 /* XCRemoteSwiftPackageReference "firebase-ios-sdk" */;
			productName = FirebaseAuth;
		};
		CE8CB7F52EEE848100A3E4C4 /* FirebaseDatabase */ = {
			isa = XCSwiftPackageProductDependency;
			package = CE8CB7F02EEE848100A3E4C4 /* XCRemoteSwiftPackageReference "firebase-ios-sdk" */;
			productName = FirebaseDatabase;
		};
		CE8CB7F72EEE848100A3E4C4 /* FirebaseFirestore */ = {
			isa = XCSwiftPackageProductDependency;
			package = CE8CB7F02EEE848100A3E4C4 /* XCRemoteSwiftPackageReference "firebase-ios-sdk" */;
			productName = FirebaseFirestore;
		};
/* End XCSwiftPackageProductDependency section */
	};
	rootObject = CE8AC3592EECA3CE00E975F7 /* Project object */;
}
